{
    "_readme": [
        "This file locks the dependencies of your project to a known state",
        "Read more about it at https://getcomposer.org/doc/01-basic-usage.md#composer-lock-the-lock-file",
        "This file is @generated automatically"
    ],
    "hash": "78879353204d9d534ed35dacb4f0fe0c",
    "content-hash": "08dc0a319126ac18413dfb3160b3eb19",
    "packages": [
        {
            "name": "springbot/magento2-queue",
            "version": "1.0.0",
            "source": {
                "type": "git",
                "url": "https://github.com/springbot/magento2-queue.git",
                "reference": "5d08c28463e2f343a7a8c33d842e46796d2b8521"
            },
            "dist": {
                "type": "zip",
                "url": "https://api.github.com/repos/springbot/magento2-queue/zipball/5d08c28463e2f343a7a8c33d842e46796d2b8521",
                "reference": "5d08c28463e2f343a7a8c33d842e46796d2b8521",
                "shasum": ""
            },
            "type": "magento2-module",
            "extra": {
                "map": [
                    [
                        "*"
                    ]
                ]
            },
            "notification-url": "https://packagist.org/downloads/",
            "license": [
                "OSL-3.0"
            ],
            "description": "A generic job queuing package for Magento 2",
            "time": "2016-03-13 21:09:52"
        }
    ],
    "packages-dev": [],
    "aliases": [],
    "minimum-stability": "stable",
    "stability-flags": [],
    "prefer-stable": false,
    "prefer-lowest": false,
    "platform": [],
    "platform-dev": []
}
