{
    "_readme": [
        "This file locks the dependencies of your project to a known state",
        "Read more about it at https://getcomposer.org/doc/01-basic-usage.md#composer-lock-the-lock-file",
        "This file is @generated automatically"
    ],
    "hash": "b8c9e082e92fca560c49be149d273e96",
    "content-hash": "f09bf4a856b2778c7bdf00739f16dff6",
    "packages": [
        {
            "name": "springbot/magento2-queue",
            "version": "1.1.2",
            "source": {
                "type": "git",
                "url": "https://github.com/springbot/magento2-queue.git",
                "reference": "a072c533ad4d8c37659233c1667c5152930e3b48"
            },
            "dist": {
                "type": "zip",
                "url": "https://api.github.com/repos/springbot/magento2-queue/zipball/a072c533ad4d8c37659233c1667c5152930e3b48",
                "reference": "a072c533ad4d8c37659233c1667c5152930e3b48",
                "shasum": ""
            },
            "type": "magento2-module",
            "autoload": {
                "files": [
                    "registration.php"
                ],
                "psr-4": {
                    "Springbot\\Queue\\": ""
                }
            },
            "notification-url": "https://packagist.org/downloads/",
            "license": [
                "OSL-3.0"
            ],
            "description": "A generic job queuing package for Magento 2",
            "time": "2016-05-19 22:21:47"
        }
    ],
    "packages-dev": [],
    "aliases": [],
    "minimum-stability": "stable",
    "stability-flags": [],
    "prefer-stable": false,
    "prefer-lowest": false,
    "platform": [],
    "platform-dev": []
}
